
Microsoft Visual Studio Solution File, Format Version 12.00
# Visual Studio Version 16
VisualStudioVersion = 16.0.29519.87
MinimumVisualStudioVersion = 10.0.40219.1
Project("{9A19103F-16F7-4668-BE54-9A1E7A4F7556}") = "ReactApp", "ReactApp.csproj", "{1F2A2008-2FEA-41DF-A4EE-3AF81DF084AF}"
EndProject
Global
	GlobalSection(SolutionConfigurationPlatforms) = preSolution
		Debug|Any CPU = Debug|Any CPU
		Release|Any CPU = Release|Any CPU
	EndGlobalSection
	GlobalSection(ProjectConfigurationPlatforms) = postSolution
		{1F2A2008-2FEA-41DF-A4EE-3AF81DF084AF}.Debug|Any CPU.ActiveCfg = Debug|Any CPU
		{1F2A2008-2FEA-41DF-A4EE-3AF81DF084AF}.Debug|Any CPU.Build.0 = Debug|Any CPU
		{1F2A2008-2FEA-41DF-A4EE-3AF81DF084AF}.Release|Any CPU.ActiveCfg = Release|Any CPU
		{1F2A2008-2FEA-41DF-A4EE-3AF81DF084AF}.Release|Any CPU.Build.0 = Release|Any CPU
	EndGlobalSection
	GlobalSection(SolutionProperties) = preSolution
		HideSolutionNode = FALSE
	EndGlobalSection
	GlobalSection(ExtensibilityGlobals) = postSolution
		SolutionGuid = {4FCC7742-FE14-42F6-8400-829D795CD1F4}
	EndGlobalSection
EndGlobal
